
Microsoft Visual Studio Solution File, Format Version 12.00
# Visual Studio Version 16
VisualStudioVersion = 16.0.31105.61
MinimumVisualStudioVersion = 10.0.40219.1
Project("{9A19103F-16F7-4668-BE54-9A1E7A4F7556}") = "ConsoleApp2", "ConsoleApp1\ConsoleApp2.csproj", "{C8CABA7A-6F96-45E5-8381-3505D073555F}"
EndProject
Project("{2150E333-8FDC-42A3-9474-1A3956D46DE8}") = "2-ConsoleMigrations", "2-ConsoleMigrations", "{2BF5A337-091B-4714-AEC1-437353798B6A}"
EndProject
Project("{2150E333-8FDC-42A3-9474-1A3956D46DE8}") = "1-Console", "1-Console", "{9A75C173-7D78-4DB0-A448-BAB30BB6F430}"
EndProject
Project("{9A19103F-16F7-4668-BE54-9A1E7A4F7556}") = "ConsoleApp1", "ConsoleApp0\ConsoleApp1.csproj", "{21BCDE04-ACF3-4BFB-8281-F42DC0BE3795}"
EndProject
Project("{2150E333-8FDC-42A3-9474-1A3956D46DE8}") = "3-ConsoleLogging", "3-ConsoleLogging", "{612B5E9F-60D8-4917-8197-9577C080FC35}"
EndProject
Project("{9A19103F-16F7-4668-BE54-9A1E7A4F7556}") = "ConsoleApp3", "ConsoleApp3\ConsoleApp3.csproj", "{486CF03B-FC3E-492B-82AF-218CD24A0D65}"
EndProject
Project("{2150E333-8FDC-42A3-9474-1A3956D46DE8}") = "4-ConsoleArhitecture-Services", "4-ConsoleArhitecture-Services", "{ABEA5E32-2137-4706-8439-B13AA99F2EF1}"
EndProject
Project("{9A19103F-16F7-4668-BE54-9A1E7A4F7556}") = "ConsoleApp4", "ConsoleApp4\ConsoleApp4.csproj", "{323B6DCC-503F-4271-A3CA-EE6688CCA4A1}"
EndProject
Project("{2150E333-8FDC-42A3-9474-1A3956D46DE8}") = "5-ConsoleArhitecture-Repository", "5-ConsoleArhitecture-Repository", "{C2430501-FCEE-4BD4-BB57-A8209F7D5B49}"
EndProject
Project("{9A19103F-16F7-4668-BE54-9A1E7A4F7556}") = "ConsoleApp5", "ConsoleApp5\ConsoleApp5.csproj", "{FA5D7D1F-9567-4076-BDF4-1A5484A6769E}"
EndProject
Project("{2150E333-8FDC-42A3-9474-1A3956D46DE8}") = "6-ConsoleArhitecture-UnitOfWork", "6-ConsoleArhitecture-UnitOfWork", "{0877E3BA-C997-43FC-AE29-843376B96953}"
EndProject
Project("{9A19103F-16F7-4668-BE54-9A1E7A4F7556}") = "ConsoleApp6", "ConsoleApp6\ConsoleApp6.csproj", "{099DBE82-1AD7-4CAC-A16C-DC358F6A332D}"
EndProject
Project("{2150E333-8FDC-42A3-9474-1A3956D46DE8}") = "7-ConsoleNuget", "7-ConsoleNuget", "{C3894C62-3BBC-469D-8F71-59FE480E75CD}"
EndProject
Project("{9A19103F-16F7-4668-BE54-9A1E7A4F7556}") = "ConsoleApp7", "ConsoleApp7\ConsoleApp7.csproj", "{F2891AB1-F280-452D-88DB-67E963755FAC}"
EndProject
Project("{FAE04EC0-301F-11D3-BF4B-00C04F79EFBC}") = "ConsoleAppInfrastructure", "ConsoleAppLib\ConsoleAppInfrastructure.csproj", "{7B8A7E10-322C-4C2E-9C97-DDED94AC49FD}"
EndProject
Project("{FAE04EC0-301F-11D3-BF4B-00C04F79EFBC}") = "ConsoleAppCore", "ConsoleAppCore\ConsoleAppCore.csproj", "{6C9C7FF7-8464-4F2F-8803-C12DC0F3116F}"
EndProject
Project("{FAE04EC0-301F-11D3-BF4B-00C04F79EFBC}") = "Dump.Repository", "Dump.Repository\Dump.Repository.csproj", "{627D3F13-0E47-47A0-B1A9-A9236495F2B4}"
EndProject
Global
	GlobalSection(SolutionConfigurationPlatforms) = preSolution
		Debug|Any CPU = Debug|Any CPU
		Release|Any CPU = Release|Any CPU
	EndGlobalSection
	GlobalSection(ProjectConfigurationPlatforms) = postSolution
		{C8CABA7A-6F96-45E5-8381-3505D073555F}.Debug|Any CPU.ActiveCfg = Debug|Any CPU
		{C8CABA7A-6F96-45E5-8381-3505D073555F}.Debug|Any CPU.Build.0 = Debug|Any CPU
		{C8CABA7A-6F96-45E5-8381-3505D073555F}.Release|Any CPU.ActiveCfg = Release|Any CPU
		{C8CABA7A-6F96-45E5-8381-3505D073555F}.Release|Any CPU.Build.0 = Release|Any CPU
		{21BCDE04-ACF3-4BFB-8281-F42DC0BE3795}.Debug|Any CPU.ActiveCfg = Debug|Any CPU
		{21BCDE04-ACF3-4BFB-8281-F42DC0BE3795}.Debug|Any CPU.Build.0 = Debug|Any CPU
		{21BCDE04-ACF3-4BFB-8281-F42DC0BE3795}.Release|Any CPU.ActiveCfg = Release|Any CPU
		{21BCDE04-ACF3-4BFB-8281-F42DC0BE3795}.Release|Any CPU.Build.0 = Release|Any CPU
		{486CF03B-FC3E-492B-82AF-218CD24A0D65}.Debug|Any CPU.ActiveCfg = Debug|Any CPU
		{486CF03B-FC3E-492B-82AF-218CD24A0D65}.Debug|Any CPU.Build.0 = Debug|Any CPU
		{486CF03B-FC3E-492B-82AF-218CD24A0D65}.Release|Any CPU.ActiveCfg = Release|Any CPU
		{486CF03B-FC3E-492B-82AF-218CD24A0D65}.Release|Any CPU.Build.0 = Release|Any CPU
		{323B6DCC-503F-4271-A3CA-EE6688CCA4A1}.Debug|Any CPU.ActiveCfg = Debug|Any CPU
		{323B6DCC-503F-4271-A3CA-EE6688CCA4A1}.Debug|Any CPU.Build.0 = Debug|Any CPU
		{323B6DCC-503F-4271-A3CA-EE6688CCA4A1}.Release|Any CPU.ActiveCfg = Release|Any CPU
		{323B6DCC-503F-4271-A3CA-EE6688CCA4A1}.Release|Any CPU.Build.0 = Release|Any CPU
		{FA5D7D1F-9567-4076-BDF4-1A5484A6769E}.Debug|Any CPU.ActiveCfg = Debug|Any CPU
		{FA5D7D1F-9567-4076-BDF4-1A5484A6769E}.Debug|Any CPU.Build.0 = Debug|Any CPU
		{FA5D7D1F-9567-4076-BDF4-1A5484A6769E}.Release|Any CPU.ActiveCfg = Release|Any CPU
		{FA5D7D1F-9567-4076-BDF4-1A5484A6769E}.Release|Any CPU.Build.0 = Release|Any CPU
		{099DBE82-1AD7-4CAC-A16C-DC358F6A332D}.Debug|Any CPU.ActiveCfg = Debug|Any CPU
		{099DBE82-1AD7-4CAC-A16C-DC358F6A332D}.Debug|Any CPU.Build.0 = Debug|Any CPU
		{099DBE82-1AD7-4CAC-A16C-DC358F6A332D}.Release|Any CPU.ActiveCfg = Release|Any CPU
		{099DBE82-1AD7-4CAC-A16C-DC358F6A332D}.Release|Any CPU.Build.0 = Release|Any CPU
		{F2891AB1-F280-452D-88DB-67E963755FAC}.Debug|Any CPU.ActiveCfg = Debug|Any CPU
		{F2891AB1-F280-452D-88DB-67E963755FAC}.Debug|Any CPU.Build.0 = Debug|Any CPU
		{F2891AB1-F280-452D-88DB-67E963755FAC}.Release|Any CPU.ActiveCfg = Release|Any CPU
		{F2891AB1-F280-452D-88DB-67E963755FAC}.Release|Any CPU.Build.0 = Release|Any CPU
		{7B8A7E10-322C-4C2E-9C97-DDED94AC49FD}.Debug|Any CPU.ActiveCfg = Debug|Any CPU
		{7B8A7E10-322C-4C2E-9C97-DDED94AC49FD}.Debug|Any CPU.Build.0 = Debug|Any CPU
		{7B8A7E10-322C-4C2E-9C97-DDED94AC49FD}.Release|Any CPU.ActiveCfg = Release|Any CPU
		{7B8A7E10-322C-4C2E-9C97-DDED94AC49FD}.Release|Any CPU.Build.0 = Release|Any CPU
		{6C9C7FF7-8464-4F2F-8803-C12DC0F3116F}.Debug|Any CPU.ActiveCfg = Debug|Any CPU
		{6C9C7FF7-8464-4F2F-8803-C12DC0F3116F}.Debug|Any CPU.Build.0 = Debug|Any CPU
		{6C9C7FF7-8464-4F2F-8803-C12DC0F3116F}.Release|Any CPU.ActiveCfg = Release|Any CPU
		{6C9C7FF7-8464-4F2F-8803-C12DC0F3116F}.Release|Any CPU.Build.0 = Release|Any CPU
		{627D3F13-0E47-47A0-B1A9-A9236495F2B4}.Debug|Any CPU.ActiveCfg = Debug|Any CPU
		{627D3F13-0E47-47A0-B1A9-A9236495F2B4}.Debug|Any CPU.Build.0 = Debug|Any CPU
		{627D3F13-0E47-47A0-B1A9-A9236495F2B4}.Release|Any CPU.ActiveCfg = Release|Any CPU
		{627D3F13-0E47-47A0-B1A9-A9236495F2B4}.Release|Any CPU.Build.0 = Release|Any CPU
	EndGlobalSection
	GlobalSection(SolutionProperties) = preSolution
		HideSolutionNode = FALSE
	EndGlobalSection
	GlobalSection(NestedProjects) = preSolution
		{C8CABA7A-6F96-45E5-8381-3505D073555F} = {2BF5A337-091B-4714-AEC1-437353798B6A}
		{21BCDE04-ACF3-4BFB-8281-F42DC0BE3795} = {9A75C173-7D78-4DB0-A448-BAB30BB6F430}
		{486CF03B-FC3E-492B-82AF-218CD24A0D65} = {612B5E9F-60D8-4917-8197-9577C080FC35}
		{323B6DCC-503F-4271-A3CA-EE6688CCA4A1} = {ABEA5E32-2137-4706-8439-B13AA99F2EF1}
		{FA5D7D1F-9567-4076-BDF4-1A5484A6769E} = {C2430501-FCEE-4BD4-BB57-A8209F7D5B49}
		{099DBE82-1AD7-4CAC-A16C-DC358F6A332D} = {0877E3BA-C997-43FC-AE29-843376B96953}
		{F2891AB1-F280-452D-88DB-67E963755FAC} = {C3894C62-3BBC-469D-8F71-59FE480E75CD}
		{7B8A7E10-322C-4C2E-9C97-DDED94AC49FD} = {C3894C62-3BBC-469D-8F71-59FE480E75CD}
		{6C9C7FF7-8464-4F2F-8803-C12DC0F3116F} = {C3894C62-3BBC-469D-8F71-59FE480E75CD}
		{627D3F13-0E47-47A0-B1A9-A9236495F2B4} = {C3894C62-3BBC-469D-8F71-59FE480E75CD}
	EndGlobalSection
	GlobalSection(ExtensibilityGlobals) = postSolution
		SolutionGuid = {EE4007BC-D4F9-4687-A8F3-4CA679359AFC}
	EndGlobalSection
EndGlobal
